
Microsoft Visual Studio Solution File, Format Version 12.00
# Visual Studio Version 17
VisualStudioVersion = 17.0.32014.148
MinimumVisualStudioVersion = 10.0.40219.1
Project("{8BC9CEB8-8B4A-11D0-8D11-00A0C91BC942}") = "Snow", "Snow\Snow.vcxproj", "{FF241BB2-CE92-4410-8E78-8FF9C268A2DF}"
EndProject
Project("{8BC9CEB8-8B4A-11D0-8D11-00A0C91BC942}") = "Test", "Test\Test.vcxproj", "{ABDCAD3E-7BB4-4F70-920B-0BF928EA5442}"
EndProject
Global
	GlobalSection(SolutionConfigurationPlatforms) = preSolution
		Debug|x64 = Debug|x64
		Debug|x86 = Debug|x86
		Release|x64 = Release|x64
		Release|x86 = Release|x86
	EndGlobalSection
	GlobalSection(ProjectConfigurationPlatforms) = postSolution
		{FF241BB2-CE92-4410-8E78-8FF9C268A2DF}.Debug|x64.ActiveCfg = Debug|x64
		{FF241BB2-CE92-4410-8E78-8FF9C268A2DF}.Debug|x64.Build.0 = Debug|x64
		{FF241BB2-CE92-4410-8E78-8FF9C268A2DF}.Debug|x86.ActiveCfg = Debug|Win32
		{FF241BB2-CE92-4410-8E78-8FF9C268A2DF}.Debug|x86.Build.0 = Debug|Win32
		{FF241BB2-CE92-4410-8E78-8FF9C268A2DF}.Release|x64.ActiveCfg = Release|x64
		{FF241BB2-CE92-4410-8E78-8FF9C268A2DF}.Release|x64.Build.0 = Release|x64
		{FF241BB2-CE92-4410-8E78-8FF9C268A2DF}.Release|x86.ActiveCfg = Release|Win32
		{FF241BB2-CE92-4410-8E78-8FF9C268A2DF}.Release|x86.Build.0 = Release|Win32
		{ABDCAD3E-7BB4-4F70-920B-0BF928EA5442}.Debug|x64.ActiveCfg = Debug|x64
		{ABDCAD3E-7BB4-4F70-920B-0BF928EA5442}.Debug|x64.Build.0 = Debug|x64
		{ABDCAD3E-7BB4-4F70-920B-0BF928EA5442}.Debug|x86.ActiveCfg = Debug|Win32
		{ABDCAD3E-7BB4-4F70-920B-0BF928EA5442}.Debug|x86.Build.0 = Debug|Win32
		{ABDCAD3E-7BB4-4F70-920B-0BF928EA5442}.Release|x64.ActiveCfg = Release|x64
		{ABDCAD3E-7BB4-4F70-920B-0BF928EA5442}.Release|x64.Build.0 = Release|x64
		{ABDCAD3E-7BB4-4F70-920B-0BF928EA5442}.Release|x86.ActiveCfg = Release|Win32
		{ABDCAD3E-7BB4-4F70-920B-0BF928EA5442}.Release|x86.Build.0 = Release|Win32
	EndGlobalSection
	GlobalSection(SolutionProperties) = preSolution
		HideSolutionNode = FALSE
	EndGlobalSection
	GlobalSection(ExtensibilityGlobals) = postSolution
		SolutionGuid = {F14370F2-2F94-47D1-B96C-341046EF9CFC}
	EndGlobalSection
EndGlobal
